# THIS IS AN AUTOGENERATED FILE. DO NOT EDIT THIS FILE DIRECTLY.
# yarn lockfile v1


bootstrap-star-rating@^4.1.2:
  version "4.1.2"
  resolved "https://registry.yarnpkg.com/bootstrap-star-rating/-/bootstrap-star-rating-4.1.2.tgz#448b9c4d8795671a5238ec6e5392b36d7fde9ae9"
  integrity sha512-ddx3Akar9RhC2yKR1722KqdD7KMvn9AkqG+Nk+w/ECoSmZNHOxbq9aQ+s1V1VeiYhfKoL20FJYUYmAC1RXyssw==
  dependencies:
    opencollective-postinstall "^2.0.2"

opencollective-postinstall@^2.0.2:
  version "2.0.3"
  resolved "https://registry.yarnpkg.com/opencollective-postinstall/-/opencollective-postinstall-2.0.3.tgz#7a0fff978f6dbfa4d006238fbac98ed4198c3259"
  integrity sha512-8AV/sCtuzUeTo8gQK5qDZzARrulB3egtLzFgteqB2tcT4Mw7B8Kt7JcDHmltjz6FOAHsvTevk70gZEbhM4ZS9Q==
